
Microsoft Visual Studio Solution File, Format Version 12.00
# Visual Studio Version 17
VisualStudioVersion = 17.0.32014.148
MinimumVisualStudioVersion = 10.0.40219.1
Project("{FAE04EC0-301F-11D3-BF4B-00C04F79EFBC}") = "GitHubUserApi", "GitHubUserApi.csproj", "{8E8C368F-FFDB-4FB7-ADF9-8D399846D53E}"
EndProject
Global
	GlobalSection(SolutionConfigurationPlatforms) = preSolution
		Debug|Any CPU = Debug|Any CPU
		Release|Any CPU = Release|Any CPU
	EndGlobalSection
	GlobalSection(ProjectConfigurationPlatforms) = postSolution
		{8E8C368F-FFDB-4FB7-ADF9-8D399846D53E}.Debug|Any CPU.ActiveCfg = Debug|Any CPU
		{8E8C368F-FFDB-4FB7-ADF9-8D399846D53E}.Debug|Any CPU.Build.0 = Debug|Any CPU
		{8E8C368F-FFDB-4FB7-ADF9-8D399846D53E}.Release|Any CPU.ActiveCfg = Release|Any CPU
		{8E8C368F-FFDB-4FB7-ADF9-8D399846D53E}.Release|Any CPU.Build.0 = Release|Any CPU
	EndGlobalSection
	GlobalSection(SolutionProperties) = preSolution
		HideSolutionNode = FALSE
	EndGlobalSection
	GlobalSection(ExtensibilityGlobals) = postSolution
		SolutionGuid = {325727F5-970D-4578-BF7C-C7FB7969D47F}
	EndGlobalSection
EndGlobal
